
Microsoft Visual Studio Solution File, Format Version 12.00
# Visual Studio 15
VisualStudioVersion = 15.0.28307.572
MinimumVisualStudioVersion = 10.0.40219.1
Project("{FAE04EC0-301F-11D3-BF4B-00C04F79EFBC}") = "XFStarterKit.Android", "XFStarterKit\XFStarterKit.Android\XFStarterKit.Android.csproj", "{F8CA9C61-7B05-4506-917D-EC264C8DC10A}"
EndProject
Project("{FAE04EC0-301F-11D3-BF4B-00C04F79EFBC}") = "XFStarterKit.iOS", "XFStarterKit\XFStarterKit.iOS\XFStarterKit.iOS.csproj", "{330221C0-82BF-4F6E-8F78-787DCAB23C4D}"
EndProject
Project("{FAE04EC0-301F-11D3-BF4B-00C04F79EFBC}") = "XFStarterKit.UWP", "XFStarterKit\XFStarterKit.UWP\XFStarterKit.UWP.csproj", "{3BDB6740-D859-4980-A761-BF86064A70F2}"
EndProject
Project("{9A19103F-16F7-4668-BE54-9A1E7A4F7556}") = "XFStarterKit", "XFStarterKit\XFStarterKit\XFStarterKit.csproj", "{B28A1B4C-BF5A-4D64-8DE6-F6E947253AD2}"
EndProject
Project("{9A19103F-16F7-4668-BE54-9A1E7A4F7556}") = "XFStarterKit.Core.HttpService", "XFStarterKit.RequestHandler\XFStarterKit.Core.HttpService.csproj", "{0770AD85-9286-43C7-840B-8A4A74976003}"
EndProject
Project("{9A19103F-16F7-4668-BE54-9A1E7A4F7556}") = "XFStarterKit.Core.Validations", "XFStarterKit.Validations\XFStarterKit.Core.Validations.csproj", "{6C0D58F6-6E36-40B2-B6E1-F33F5660309D}"
EndProject
Project("{2150E333-8FDC-42A3-9474-1A3956D46DE8}") = "Targets", "Targets", "{F7CF4659-7FC3-40E9-931E-F1F3D5EF26FA}"
EndProject
Project("{2150E333-8FDC-42A3-9474-1A3956D46DE8}") = "Core", "Core", "{FBAC536D-0C99-458A-B5F8-F9D720179F2E}"
EndProject
Project("{2150E333-8FDC-42A3-9474-1A3956D46DE8}") = "Common", "Common", "{5CC4B336-7B46-4B25-9F1A-55F08D085136}"
EndProject
Project("{9A19103F-16F7-4668-BE54-9A1E7A4F7556}") = "XFStarterKit.Core.Common", "XFStarterKit.Core.Common\XFStarterKit.Core.Common.csproj", "{14C7C336-B076-4CC7-A888-3F9C2237CF09}"
EndProject
Project("{9A19103F-16F7-4668-BE54-9A1E7A4F7556}") = "XFStarterKit.Core.Models", "XFStarterKit.Core.Model\XFStarterKit.Core.Models.csproj", "{E24091BB-A4F4-4463-AC9C-72C5DDC28BD2}"
EndProject
Global
	GlobalSection(SolutionConfigurationPlatforms) = preSolution
		Ad-Hoc|Any CPU = Ad-Hoc|Any CPU
		Ad-Hoc|ARM = Ad-Hoc|ARM
		Ad-Hoc|iPhone = Ad-Hoc|iPhone
		Ad-Hoc|iPhoneSimulator = Ad-Hoc|iPhoneSimulator
		Ad-Hoc|x64 = Ad-Hoc|x64
		Ad-Hoc|x86 = Ad-Hoc|x86
		AppStore|Any CPU = AppStore|Any CPU
		AppStore|ARM = AppStore|ARM
		AppStore|iPhone = AppStore|iPhone
		AppStore|iPhoneSimulator = AppStore|iPhoneSimulator
		AppStore|x64 = AppStore|x64
		AppStore|x86 = AppStore|x86
		Debug|Any CPU = Debug|Any CPU
		Debug|ARM = Debug|ARM
		Debug|iPhone = Debug|iPhone
		Debug|iPhoneSimulator = Debug|iPhoneSimulator
		Debug|x64 = Debug|x64
		Debug|x86 = Debug|x86
		Release|Any CPU = Release|Any CPU
		Release|ARM = Release|ARM
		Release|iPhone = Release|iPhone
		Release|iPhoneSimulator = Release|iPhoneSimulator
		Release|x64 = Release|x64
		Release|x86 = Release|x86
	EndGlobalSection
	GlobalSection(ProjectConfigurationPlatforms) = postSolution
		{F8CA9C61-7B05-4506-917D-EC264C8DC10A}.Ad-Hoc|Any CPU.ActiveCfg = Release|Any CPU
		{F8CA9C61-7B05-4506-917D-EC264C8DC10A}.Ad-Hoc|Any CPU.Build.0 = Release|Any CPU
		{F8CA9C61-7B05-4506-917D-EC264C8DC10A}.Ad-Hoc|Any CPU.Deploy.0 = Release|Any CPU
		{F8CA9C61-7B05-4506-917D-EC264C8DC10A}.Ad-Hoc|ARM.ActiveCfg = Release|Any CPU
		{F8CA9C61-7B05-4506-917D-EC264C8DC10A}.Ad-Hoc|ARM.Build.0 = Release|Any CPU
		{F8CA9C61-7B05-4506-917D-EC264C8DC10A}.Ad-Hoc|ARM.Deploy.0 = Release|Any CPU
		{F8CA9C61-7B05-4506-917D-EC264C8DC10A}.Ad-Hoc|iPhone.ActiveCfg = Release|Any CPU
		{F8CA9C61-7B05-4506-917D-EC264C8DC10A}.Ad-Hoc|iPhone.Build.0 = Release|Any CPU
		{F8CA9C61-7B05-4506-917D-EC264C8DC10A}.Ad-Hoc|iPhone.Deploy.0 = Release|Any CPU
		{F8CA9C61-7B05-4506-917D-EC264C8DC10A}.Ad-Hoc|iPhoneSimulator.ActiveCfg = Release|Any CPU
		{F8CA9C61-7B05-4506-917D-EC264C8DC10A}.Ad-Hoc|iPhoneSimulator.Build.0 = Release|Any CPU
		{F8CA9C61-7B05-4506-917D-EC264C8DC10A}.Ad-Hoc|iPhoneSimulator.Deploy.0 = Release|Any CPU
		{F8CA9C61-7B05-4506-917D-EC264C8DC10A}.Ad-Hoc|x64.ActiveCfg = Release|Any CPU
		{F8CA9C61-7B05-4506-917D-EC264C8DC10A}.Ad-Hoc|x64.Build.0 = Release|Any CPU
		{F8CA9C61-7B05-4506-917D-EC264C8DC10A}.Ad-Hoc|x64.Deploy.0 = Release|Any CPU
		{F8CA9C61-7B05-4506-917D-EC264C8DC10A}.Ad-Hoc|x86.ActiveCfg = Release|Any CPU
		{F8CA9C61-7B05-4506-917D-EC264C8DC10A}.Ad-Hoc|x86.Build.0 = Release|Any CPU
		{F8CA9C61-7B05-4506-917D-EC264C8DC10A}.Ad-Hoc|x86.Deploy.0 = Release|Any CPU
		{F8CA9C61-7B05-4506-917D-EC264C8DC10A}.AppStore|Any CPU.ActiveCfg = Release|Any CPU
		{F8CA9C61-7B05-4506-917D-EC264C8DC10A}.AppStore|Any CPU.Build.0 = Release|Any CPU
		{F8CA9C61-7B05-4506-917D-EC264C8DC10A}.AppStore|Any CPU.Deploy.0 = Release|Any CPU
		{F8CA9C61-7B05-4506-917D-EC264C8DC10A}.AppStore|ARM.ActiveCfg = Release|Any CPU
		{F8CA9C61-7B05-4506-917D-EC264C8DC10A}.AppStore|ARM.Build.0 = Release|Any CPU
		{F8CA9C61-7B05-4506-917D-EC264C8DC10A}.AppStore|ARM.Deploy.0 = Release|Any CPU
		{F8CA9C61-7B05-4506-917D-EC264C8DC10A}.AppStore|iPhone.ActiveCfg = Release|Any CPU
		{F8CA9C61-7B05-4506-917D-EC264C8DC10A}.AppStore|iPhone.Build.0 = Release|Any CPU
		{F8CA9C61-7B05-4506-917D-EC264C8DC10A}.AppStore|iPhone.Deploy.0 = Release|Any CPU
		{F8CA9C61-7B05-4506-917D-EC264C8DC10A}.AppStore|iPhoneSimulator.ActiveCfg = Release|Any CPU
		{F8CA9C61-7B05-4506-917D-EC264C8DC10A}.AppStore|iPhoneSimulator.Build.0 = Release|Any CPU
		{F8CA9C61-7B05-4506-917D-EC264C8DC10A}.AppStore|iPhoneSimulator.Deploy.0 = Release|Any CPU
		{F8CA9C61-7B05-4506-917D-EC264C8DC10A}.AppStore|x64.ActiveCfg = Release|Any CPU
		{F8CA9C61-7B05-4506-917D-EC264C8DC10A}.AppStore|x64.Build.0 = Release|Any CPU
		{F8CA9C61-7B05-4506-917D-EC264C8DC10A}.AppStore|x64.Deploy.0 = Release|Any CPU
		{F8CA9C61-7B05-4506-917D-EC264C8DC10A}.AppStore|x86.ActiveCfg = Release|Any CPU
		{F8CA9C61-7B05-4506-917D-EC264C8DC10A}.AppStore|x86.Build.0 = Release|Any CPU
		{F8CA9C61-7B05-4506-917D-EC264C8DC10A}.AppStore|x86.Deploy.0 = Release|Any CPU
		{F8CA9C61-7B05-4506-917D-EC264C8DC10A}.Debug|Any CPU.ActiveCfg = Debug|Any CPU
		{F8CA9C61-7B05-4506-917D-EC264C8DC10A}.Debug|Any CPU.Build.0 = Debug|Any CPU
		{F8CA9C61-7B05-4506-917D-EC264C8DC10A}.Debug|Any CPU.Deploy.0 = Debug|Any CPU
		{F8CA9C61-7B05-4506-917D-EC264C8DC10A}.Debug|ARM.ActiveCfg = Debug|Any CPU
		{F8CA9C61-7B05-4506-917D-EC264C8DC10A}.Debug|ARM.Build.0 = Debug|Any CPU
		{F8CA9C61-7B05-4506-917D-EC264C8DC10A}.Debug|ARM.Deploy.0 = Debug|Any CPU
		{F8CA9C61-7B05-4506-917D-EC264C8DC10A}.Debug|iPhone.ActiveCfg = Debug|Any CPU
		{F8CA9C61-7B05-4506-917D-EC264C8DC10A}.Debug|iPhone.Build.0 = Debug|Any CPU
		{F8CA9C61-7B05-4506-917D-EC264C8DC10A}.Debug|iPhone.Deploy.0 = Debug|Any CPU
		{F8CA9C61-7B05-4506-917D-EC264C8DC10A}.Debug|iPhoneSimulator.ActiveCfg = Debug|Any CPU
		{F8CA9C61-7B05-4506-917D-EC264C8DC10A}.Debug|iPhoneSimulator.Build.0 = Debug|Any CPU
		{F8CA9C61-7B05-4506-917D-EC264C8DC10A}.Debug|iPhoneSimulator.Deploy.0 = Debug|Any CPU
		{F8CA9C61-7B05-4506-917D-EC264C8DC10A}.Debug|x64.ActiveCfg = Debug|Any CPU
		{F8CA9C61-7B05-4506-917D-EC264C8DC10A}.Debug|x64.Build.0 = Debug|Any CPU
		{F8CA9C61-7B05-4506-917D-EC264C8DC10A}.Debug|x64.Deploy.0 = Debug|Any CPU
		{F8CA9C61-7B05-4506-917D-EC264C8DC10A}.Debug|x86.ActiveCfg = Debug|Any CPU
		{F8CA9C61-7B05-4506-917D-EC264C8DC10A}.Debug|x86.Build.0 = Debug|Any CPU
		{F8CA9C61-7B05-4506-917D-EC264C8DC10A}.Debug|x86.Deploy.0 = Debug|Any CPU
		{F8CA9C61-7B05-4506-917D-EC264C8DC10A}.Release|Any CPU.ActiveCfg = Release|Any CPU
		{F8CA9C61-7B05-4506-917D-EC264C8DC10A}.Release|Any CPU.Build.0 = Release|Any CPU
		{F8CA9C61-7B05-4506-917D-EC264C8DC10A}.Release|Any CPU.Deploy.0 = Release|Any CPU
		{F8CA9C61-7B05-4506-917D-EC264C8DC10A}.Release|ARM.ActiveCfg = Release|Any CPU
		{F8CA9C61-7B05-4506-917D-EC264C8DC10A}.Release|ARM.Build.0 = Release|Any CPU
		{F8CA9C61-7B05-4506-917D-EC264C8DC10A}.Release|ARM.Deploy.0 = Release|Any CPU
		{F8CA9C61-7B05-4506-917D-EC264C8DC10A}.Release|iPhone.ActiveCfg = Release|Any CPU
		{F8CA9C61-7B05-4506-917D-EC264C8DC10A}.Release|iPhone.Build.0 = Release|Any CPU
		{F8CA9C61-7B05-4506-917D-EC264C8DC10A}.Release|iPhone.Deploy.0 = Release|Any CPU
		{F8CA9C61-7B05-4506-917D-EC264C8DC10A}.Release|iPhoneSimulator.ActiveCfg = Release|Any CPU
		{F8CA9C61-7B05-4506-917D-EC264C8DC10A}.Release|iPhoneSimulator.Build.0 = Release|Any CPU
		{F8CA9C61-7B05-4506-917D-EC264C8DC10A}.Release|iPhoneSimulator.Deploy.0 = Release|Any CPU
		{F8CA9C61-7B05-4506-917D-EC264C8DC10A}.Release|x64.ActiveCfg = Release|Any CPU
		{F8CA9C61-7B05-4506-917D-EC264C8DC10A}.Release|x64.Build.0 = Release|Any CPU
		{F8CA9C61-7B05-4506-917D-EC264C8DC10A}.Release|x64.Deploy.0 = Release|Any CPU
		{F8CA9C61-7B05-4506-917D-EC264C8DC10A}.Release|x86.ActiveCfg = Release|Any CPU
		{F8CA9C61-7B05-4506-917D-EC264C8DC10A}.Release|x86.Build.0 = Release|Any CPU
		{F8CA9C61-7B05-4506-917D-EC264C8DC10A}.Release|x86.Deploy.0 = Release|Any CPU
		{330221C0-82BF-4F6E-8F78-787DCAB23C4D}.Ad-Hoc|Any CPU.ActiveCfg = Ad-Hoc|iPhone
		{330221C0-82BF-4F6E-8F78-787DCAB23C4D}.Ad-Hoc|Any CPU.Build.0 = Ad-Hoc|iPhone
		{330221C0-82BF-4F6E-8F78-787DCAB23C4D}.Ad-Hoc|Any CPU.Deploy.0 = Ad-Hoc|iPhone
		{330221C0-82BF-4F6E-8F78-787DCAB23C4D}.Ad-Hoc|ARM.ActiveCfg = Ad-Hoc|iPhone
		{330221C0-82BF-4F6E-8F78-787DCAB23C4D}.Ad-Hoc|ARM.Build.0 = Ad-Hoc|iPhone
		{330221C0-82BF-4F6E-8F78-787DCAB23C4D}.Ad-Hoc|ARM.Deploy.0 = Ad-Hoc|iPhone
		{330221C0-82BF-4F6E-8F78-787DCAB23C4D}.Ad-Hoc|iPhone.ActiveCfg = Ad-Hoc|iPhone
		{330221C0-82BF-4F6E-8F78-787DCAB23C4D}.Ad-Hoc|iPhone.Build.0 = Ad-Hoc|iPhone
		{330221C0-82BF-4F6E-8F78-787DCAB23C4D}.Ad-Hoc|iPhone.Deploy.0 = Ad-Hoc|iPhone
		{330221C0-82BF-4F6E-8F78-787DCAB23C4D}.Ad-Hoc|iPhoneSimulator.ActiveCfg = Ad-Hoc|iPhoneSimulator
		{330221C0-82BF-4F6E-8F78-787DCAB23C4D}.Ad-Hoc|iPhoneSimulator.Build.0 = Ad-Hoc|iPhoneSimulator
		{330221C0-82BF-4F6E-8F78-787DCAB23C4D}.Ad-Hoc|iPhoneSimulator.Deploy.0 = Ad-Hoc|iPhoneSimulator
		{330221C0-82BF-4F6E-8F78-787DCAB23C4D}.Ad-Hoc|x64.ActiveCfg = Ad-Hoc|iPhone
		{330221C0-82BF-4F6E-8F78-787DCAB23C4D}.Ad-Hoc|x64.Build.0 = Ad-Hoc|iPhone
		{330221C0-82BF-4F6E-8F78-787DCAB23C4D}.Ad-Hoc|x64.Deploy.0 = Ad-Hoc|iPhone
		{330221C0-82BF-4F6E-8F78-787DCAB23C4D}.Ad-Hoc|x86.ActiveCfg = Ad-Hoc|iPhone
		{330221C0-82BF-4F6E-8F78-787DCAB23C4D}.Ad-Hoc|x86.Build.0 = Ad-Hoc|iPhone
		{330221C0-82BF-4F6E-8F78-787DCAB23C4D}.Ad-Hoc|x86.Deploy.0 = Ad-Hoc|iPhone
		{330221C0-82BF-4F6E-8F78-787DCAB23C4D}.AppStore|Any CPU.ActiveCfg = AppStore|iPhone
		{330221C0-82BF-4F6E-8F78-787DCAB23C4D}.AppStore|Any CPU.Build.0 = AppStore|iPhone
		{330221C0-82BF-4F6E-8F78-787DCAB23C4D}.AppStore|Any CPU.Deploy.0 = AppStore|iPhone
		{330221C0-82BF-4F6E-8F78-787DCAB23C4D}.AppStore|ARM.ActiveCfg = AppStore|iPhone
		{330221C0-82BF-4F6E-8F78-787DCAB23C4D}.AppStore|ARM.Build.0 = AppStore|iPhone
		{330221C0-82BF-4F6E-8F78-787DCAB23C4D}.AppStore|ARM.Deploy.0 = AppStore|iPhone
		{330221C0-82BF-4F6E-8F78-787DCAB23C4D}.AppStore|iPhone.ActiveCfg = AppStore|iPhone
		{330221C0-82BF-4F6E-8F78-787DCAB23C4D}.AppStore|iPhone.Build.0 = AppStore|iPhone
		{330221C0-82BF-4F6E-8F78-787DCAB23C4D}.AppStore|iPhone.Deploy.0 = AppStore|iPhone
		{330221C0-82BF-4F6E-8F78-787DCAB23C4D}.AppStore|iPhoneSimulator.ActiveCfg = AppStore|iPhoneSimulator
		{330221C0-82BF-4F6E-8F78-787DCAB23C4D}.AppStore|iPhoneSimulator.Build.0 = AppStore|iPhoneSimulator
		{330221C0-82BF-4F6E-8F78-787DCAB23C4D}.AppStore|iPhoneSimulator.Deploy.0 = AppStore|iPhoneSimulator
		{330221C0-82BF-4F6E-8F78-787DCAB23C4D}.AppStore|x64.ActiveCfg = AppStore|iPhone
		{330221C0-82BF-4F6E-8F78-787DCAB23C4D}.AppStore|x64.Build.0 = AppStore|iPhone
		{330221C0-82BF-4F6E-8F78-787DCAB23C4D}.AppStore|x64.Deploy.0 = AppStore|iPhone
		{330221C0-82BF-4F6E-8F78-787DCAB23C4D}.AppStore|x86.ActiveCfg = AppStore|iPhone
		{330221C0-82BF-4F6E-8F78-787DCAB23C4D}.AppStore|x86.Build.0 = AppStore|iPhone
		{330221C0-82BF-4F6E-8F78-787DCAB23C4D}.AppStore|x86.Deploy.0 = AppStore|iPhone
		{330221C0-82BF-4F6E-8F78-787DCAB23C4D}.Debug|Any CPU.ActiveCfg = Debug|iPhoneSimulator
		{330221C0-82BF-4F6E-8F78-787DCAB23C4D}.Debug|Any CPU.Build.0 = Debug|iPhoneSimulator
		{330221C0-82BF-4F6E-8F78-787DCAB23C4D}.Debug|Any CPU.Deploy.0 = Debug|iPhoneSimulator
		{330221C0-82BF-4F6E-8F78-787DCAB23C4D}.Debug|ARM.ActiveCfg = Debug|iPhone
		{330221C0-82BF-4F6E-8F78-787DCAB23C4D}.Debug|ARM.Build.0 = Debug|iPhone
		{330221C0-82BF-4F6E-8F78-787DCAB23C4D}.Debug|ARM.Deploy.0 = Debug|iPhone
		{330221C0-82BF-4F6E-8F78-787DCAB23C4D}.Debug|iPhone.ActiveCfg = Debug|iPhone
		{330221C0-82BF-4F6E-8F78-787DCAB23C4D}.Debug|iPhone.Build.0 = Debug|iPhone
		{330221C0-82BF-4F6E-8F78-787DCAB23C4D}.Debug|iPhone.Deploy.0 = Debug|iPhone
		{330221C0-82BF-4F6E-8F78-787DCAB23C4D}.Debug|iPhoneSimulator.ActiveCfg = Debug|iPhoneSimulator
		{330221C0-82BF-4F6E-8F78-787DCAB23C4D}.Debug|iPhoneSimulator.Build.0 = Debug|iPhoneSimulator
		{330221C0-82BF-4F6E-8F78-787DCAB23C4D}.Debug|iPhoneSimulator.Deploy.0 = Debug|iPhoneSimulator
		{330221C0-82BF-4F6E-8F78-787DCAB23C4D}.Debug|x64.ActiveCfg = Debug|iPhone
		{330221C0-82BF-4F6E-8F78-787DCAB23C4D}.Debug|x64.Build.0 = Debug|iPhone
		{330221C0-82BF-4F6E-8F78-787DCAB23C4D}.Debug|x64.Deploy.0 = Debug|iPhone
		{330221C0-82BF-4F6E-8F78-787DCAB23C4D}.Debug|x86.ActiveCfg = Debug|iPhone
		{330221C0-82BF-4F6E-8F78-787DCAB23C4D}.Debug|x86.Build.0 = Debug|iPhone
		{330221C0-82BF-4F6E-8F78-787DCAB23C4D}.Debug|x86.Deploy.0 = Debug|iPhone
		{330221C0-82BF-4F6E-8F78-787DCAB23C4D}.Release|Any CPU.ActiveCfg = Release|iPhone
		{330221C0-82BF-4F6E-8F78-787DCAB23C4D}.Release|Any CPU.Build.0 = Release|iPhone
		{330221C0-82BF-4F6E-8F78-787DCAB23C4D}.Release|Any CPU.Deploy.0 = Release|iPhone
		{330221C0-82BF-4F6E-8F78-787DCAB23C4D}.Release|ARM.ActiveCfg = Release|iPhone
		{330221C0-82BF-4F6E-8F78-787DCAB23C4D}.Release|ARM.Build.0 = Release|iPhone
		{330221C0-82BF-4F6E-8F78-787DCAB23C4D}.Release|ARM.Deploy.0 = Release|iPhone
		{330221C0-82BF-4F6E-8F78-787DCAB23C4D}.Release|iPhone.ActiveCfg = Release|iPhone
		{330221C0-82BF-4F6E-8F78-787DCAB23C4D}.Release|iPhone.Build.0 = Release|iPhone
		{330221C0-82BF-4F6E-8F78-787DCAB23C4D}.Release|iPhone.Deploy.0 = Release|iPhone
		{330221C0-82BF-4F6E-8F78-787DCAB23C4D}.Release|iPhoneSimulator.ActiveCfg = Release|iPhoneSimulator
		{330221C0-82BF-4F6E-8F78-787DCAB23C4D}.Release|iPhoneSimulator.Build.0 = Release|iPhoneSimulator
		{330221C0-82BF-4F6E-8F78-787DCAB23C4D}.Release|iPhoneSimulator.Deploy.0 = Release|iPhoneSimulator
		{330221C0-82BF-4F6E-8F78-787DCAB23C4D}.Release|x64.ActiveCfg = Release|iPhone
		{330221C0-82BF-4F6E-8F78-787DCAB23C4D}.Release|x64.Build.0 = Release|iPhone
		{330221C0-82BF-4F6E-8F78-787DCAB23C4D}.Release|x64.Deploy.0 = Release|iPhone
		{330221C0-82BF-4F6E-8F78-787DCAB23C4D}.Release|x86.ActiveCfg = Release|iPhone
		{330221C0-82BF-4F6E-8F78-787DCAB23C4D}.Release|x86.Build.0 = Release|iPhone
		{330221C0-82BF-4F6E-8F78-787DCAB23C4D}.Release|x86.Deploy.0 = Release|iPhone
		{3BDB6740-D859-4980-A761-BF86064A70F2}.Ad-Hoc|Any CPU.ActiveCfg = Release|x86
		{3BDB6740-D859-4980-A761-BF86064A70F2}.Ad-Hoc|Any CPU.Build.0 = Release|x86
		{3BDB6740-D859-4980-A761-BF86064A70F2}.Ad-Hoc|Any CPU.Deploy.0 = Release|x86
		{3BDB6740-D859-4980-A761-BF86064A70F2}.Ad-Hoc|ARM.ActiveCfg = Release|ARM
		{3BDB6740-D859-4980-A761-BF86064A70F2}.Ad-Hoc|ARM.Build.0 = Release|ARM
		{3BDB6740-D859-4980-A761-BF86064A70F2}.Ad-Hoc|ARM.Deploy.0 = Release|ARM
		{3BDB6740-D859-4980-A761-BF86064A70F2}.Ad-Hoc|iPhone.ActiveCfg = Release|x86
		{3BDB6740-D859-4980-A761-BF86064A70F2}.Ad-Hoc|iPhone.Build.0 = Release|x86
		{3BDB6740-D859-4980-A761-BF86064A70F2}.Ad-Hoc|iPhone.Deploy.0 = Release|x86
		{3BDB6740-D859-4980-A761-BF86064A70F2}.Ad-Hoc|iPhoneSimulator.ActiveCfg = Release|x86
		{3BDB6740-D859-4980-A761-BF86064A70F2}.Ad-Hoc|iPhoneSimulator.Build.0 = Release|x86
		{3BDB6740-D859-4980-A761-BF86064A70F2}.Ad-Hoc|iPhoneSimulator.Deploy.0 = Release|x86
		{3BDB6740-D859-4980-A761-BF86064A70F2}.Ad-Hoc|x64.ActiveCfg = Release|x64
		{3BDB6740-D859-4980-A761-BF86064A70F2}.Ad-Hoc|x64.Build.0 = Release|x64
		{3BDB6740-D859-4980-A761-BF86064A70F2}.Ad-Hoc|x64.Deploy.0 = Release|x64
		{3BDB6740-D859-4980-A761-BF86064A70F2}.Ad-Hoc|x86.ActiveCfg = Release|x86
		{3BDB6740-D859-4980-A761-BF86064A70F2}.Ad-Hoc|x86.Build.0 = Release|x86
		{3BDB6740-D859-4980-A761-BF86064A70F2}.Ad-Hoc|x86.Deploy.0 = Release|x86
		{3BDB6740-D859-4980-A761-BF86064A70F2}.AppStore|Any CPU.ActiveCfg = Release|x86
		{3BDB6740-D859-4980-A761-BF86064A70F2}.AppStore|Any CPU.Build.0 = Release|x86
		{3BDB6740-D859-4980-A761-BF86064A70F2}.AppStore|Any CPU.Deploy.0 = Release|x86
		{3BDB6740-D859-4980-A761-BF86064A70F2}.AppStore|ARM.ActiveCfg = Release|ARM
		{3BDB6740-D859-4980-A761-BF86064A70F2}.AppStore|ARM.Build.0 = Release|ARM
		{3BDB6740-D859-4980-A761-BF86064A70F2}.AppStore|ARM.Deploy.0 = Release|ARM
		{3BDB6740-D859-4980-A761-BF86064A70F2}.AppStore|iPhone.ActiveCfg = Release|x86
		{3BDB6740-D859-4980-A761-BF86064A70F2}.AppStore|iPhone.Build.0 = Release|x86
		{3BDB6740-D859-4980-A761-BF86064A70F2}.AppStore|iPhone.Deploy.0 = Release|x86
		{3BDB6740-D859-4980-A761-BF86064A70F2}.AppStore|iPhoneSimulator.ActiveCfg = Release|x86
		{3BDB6740-D859-4980-A761-BF86064A70F2}.AppStore|iPhoneSimulator.Build.0 = Release|x86
		{3BDB6740-D859-4980-A761-BF86064A70F2}.AppStore|iPhoneSimulator.Deploy.0 = Release|x86
		{3BDB6740-D859-4980-A761-BF86064A70F2}.AppStore|x64.ActiveCfg = Release|x64
		{3BDB6740-D859-4980-A761-BF86064A70F2}.AppStore|x64.Build.0 = Release|x64
		{3BDB6740-D859-4980-A761-BF86064A70F2}.AppStore|x64.Deploy.0 = Release|x64
		{3BDB6740-D859-4980-A761-BF86064A70F2}.AppStore|x86.ActiveCfg = Release|x86
		{3BDB6740-D859-4980-A761-BF86064A70F2}.AppStore|x86.Build.0 = Release|x86
		{3BDB6740-D859-4980-A761-BF86064A70F2}.AppStore|x86.Deploy.0 = Release|x86
		{3BDB6740-D859-4980-A761-BF86064A70F2}.Debug|Any CPU.ActiveCfg = Debug|x86
		{3BDB6740-D859-4980-A761-BF86064A70F2}.Debug|Any CPU.Build.0 = Debug|x86
		{3BDB6740-D859-4980-A761-BF86064A70F2}.Debug|Any CPU.Deploy.0 = Debug|x86
		{3BDB6740-D859-4980-A761-BF86064A70F2}.Debug|ARM.ActiveCfg = Debug|ARM
		{3BDB6740-D859-4980-A761-BF86064A70F2}.Debug|ARM.Build.0 = Debug|ARM
		{3BDB6740-D859-4980-A761-BF86064A70F2}.Debug|ARM.Deploy.0 = Debug|ARM
		{3BDB6740-D859-4980-A761-BF86064A70F2}.Debug|iPhone.ActiveCfg = Debug|x86
		{3BDB6740-D859-4980-A761-BF86064A70F2}.Debug|iPhone.Build.0 = Debug|x86
		{3BDB6740-D859-4980-A761-BF86064A70F2}.Debug|iPhone.Deploy.0 = Debug|x86
		{3BDB6740-D859-4980-A761-BF86064A70F2}.Debug|iPhoneSimulator.ActiveCfg = Debug|x86
		{3BDB6740-D859-4980-A761-BF86064A70F2}.Debug|iPhoneSimulator.Build.0 = Debug|x86
		{3BDB6740-D859-4980-A761-BF86064A70F2}.Debug|iPhoneSimulator.Deploy.0 = Debug|x86
		{3BDB6740-D859-4980-A761-BF86064A70F2}.Debug|x64.ActiveCfg = Debug|x64
		{3BDB6740-D859-4980-A761-BF86064A70F2}.Debug|x64.Build.0 = Debug|x64
		{3BDB6740-D859-4980-A761-BF86064A70F2}.Debug|x64.Deploy.0 = Debug|x64
		{3BDB6740-D859-4980-A761-BF86064A70F2}.Debug|x86.ActiveCfg = Debug|x86
		{3BDB6740-D859-4980-A761-BF86064A70F2}.Debug|x86.Build.0 = Debug|x86
		{3BDB6740-D859-4980-A761-BF86064A70F2}.Debug|x86.Deploy.0 = Debug|x86
		{3BDB6740-D859-4980-A761-BF86064A70F2}.Release|Any CPU.ActiveCfg = Release|x86
		{3BDB6740-D859-4980-A761-BF86064A70F2}.Release|Any CPU.Build.0 = Release|x86
		{3BDB6740-D859-4980-A761-BF86064A70F2}.Release|Any CPU.Deploy.0 = Release|x86
		{3BDB6740-D859-4980-A761-BF86064A70F2}.Release|ARM.ActiveCfg = Release|ARM
		{3BDB6740-D859-4980-A761-BF86064A70F2}.Release|ARM.Build.0 = Release|ARM
		{3BDB6740-D859-4980-A761-BF86064A70F2}.Release|ARM.Deploy.0 = Release|ARM
		{3BDB6740-D859-4980-A761-BF86064A70F2}.Release|iPhone.ActiveCfg = Release|x86
		{3BDB6740-D859-4980-A761-BF86064A70F2}.Release|iPhone.Build.0 = Release|x86
		{3BDB6740-D859-4980-A761-BF86064A70F2}.Release|iPhone.Deploy.0 = Release|x86
		{3BDB6740-D859-4980-A761-BF86064A70F2}.Release|iPhoneSimulator.ActiveCfg = Release|x86
		{3BDB6740-D859-4980-A761-BF86064A70F2}.Release|iPhoneSimulator.Build.0 = Release|x86
		{3BDB6740-D859-4980-A761-BF86064A70F2}.Release|iPhoneSimulator.Deploy.0 = Release|x86
		{3BDB6740-D859-4980-A761-BF86064A70F2}.Release|x64.ActiveCfg = Release|x64
		{3BDB6740-D859-4980-A761-BF86064A70F2}.Release|x64.Build.0 = Release|x64
		{3BDB6740-D859-4980-A761-BF86064A70F2}.Release|x64.Deploy.0 = Release|x64
		{3BDB6740-D859-4980-A761-BF86064A70F2}.Release|x86.ActiveCfg = Release|x86
		{3BDB6740-D859-4980-A761-BF86064A70F2}.Release|x86.Build.0 = Release|x86
		{3BDB6740-D859-4980-A761-BF86064A70F2}.Release|x86.Deploy.0 = Release|x86
		{B28A1B4C-BF5A-4D64-8DE6-F6E947253AD2}.Ad-Hoc|Any CPU.ActiveCfg = Debug|Any CPU
		{B28A1B4C-BF5A-4D64-8DE6-F6E947253AD2}.Ad-Hoc|Any CPU.Build.0 = Debug|Any CPU
		{B28A1B4C-BF5A-4D64-8DE6-F6E947253AD2}.Ad-Hoc|Any CPU.Deploy.0 = Debug|Any CPU
		{B28A1B4C-BF5A-4D64-8DE6-F6E947253AD2}.Ad-Hoc|ARM.ActiveCfg = Debug|Any CPU
		{B28A1B4C-BF5A-4D64-8DE6-F6E947253AD2}.Ad-Hoc|ARM.Build.0 = Debug|Any CPU
		{B28A1B4C-BF5A-4D64-8DE6-F6E947253AD2}.Ad-Hoc|ARM.Deploy.0 = Debug|Any CPU
		{B28A1B4C-BF5A-4D64-8DE6-F6E947253AD2}.Ad-Hoc|iPhone.ActiveCfg = Debug|Any CPU
		{B28A1B4C-BF5A-4D64-8DE6-F6E947253AD2}.Ad-Hoc|iPhone.Build.0 = Debug|Any CPU
		{B28A1B4C-BF5A-4D64-8DE6-F6E947253AD2}.Ad-Hoc|iPhone.Deploy.0 = Debug|Any CPU
		{B28A1B4C-BF5A-4D64-8DE6-F6E947253AD2}.Ad-Hoc|iPhoneSimulator.ActiveCfg = Debug|Any CPU
		{B28A1B4C-BF5A-4D64-8DE6-F6E947253AD2}.Ad-Hoc|iPhoneSimulator.Build.0 = Debug|Any CPU
		{B28A1B4C-BF5A-4D64-8DE6-F6E947253AD2}.Ad-Hoc|iPhoneSimulator.Deploy.0 = Debug|Any CPU
		{B28A1B4C-BF5A-4D64-8DE6-F6E947253AD2}.Ad-Hoc|x64.ActiveCfg = Debug|Any CPU
		{B28A1B4C-BF5A-4D64-8DE6-F6E947253AD2}.Ad-Hoc|x64.Build.0 = Debug|Any CPU
		{B28A1B4C-BF5A-4D64-8DE6-F6E947253AD2}.Ad-Hoc|x64.Deploy.0 = Debug|Any CPU
		{B28A1B4C-BF5A-4D64-8DE6-F6E947253AD2}.Ad-Hoc|x86.ActiveCfg = Debug|Any CPU
		{B28A1B4C-BF5A-4D64-8DE6-F6E947253AD2}.Ad-Hoc|x86.Build.0 = Debug|Any CPU
		{B28A1B4C-BF5A-4D64-8DE6-F6E947253AD2}.Ad-Hoc|x86.Deploy.0 = Debug|Any CPU
		{B28A1B4C-BF5A-4D64-8DE6-F6E947253AD2}.AppStore|Any CPU.ActiveCfg = Debug|Any CPU
		{B28A1B4C-BF5A-4D64-8DE6-F6E947253AD2}.AppStore|Any CPU.Build.0 = Debug|Any CPU
		{B28A1B4C-BF5A-4D64-8DE6-F6E947253AD2}.AppStore|Any CPU.Deploy.0 = Debug|Any CPU
		{B28A1B4C-BF5A-4D64-8DE6-F6E947253AD2}.AppStore|ARM.ActiveCfg = Debug|Any CPU
		{B28A1B4C-BF5A-4D64-8DE6-F6E947253AD2}.AppStore|ARM.Build.0 = Debug|Any CPU
		{B28A1B4C-BF5A-4D64-8DE6-F6E947253AD2}.AppStore|ARM.Deploy.0 = Debug|Any CPU
		{B28A1B4C-BF5A-4D64-8DE6-F6E947253AD2}.AppStore|iPhone.ActiveCfg = Debug|Any CPU
		{B28A1B4C-BF5A-4D64-8DE6-F6E947253AD2}.AppStore|iPhone.Build.0 = Debug|Any CPU
		{B28A1B4C-BF5A-4D64-8DE6-F6E947253AD2}.AppStore|iPhone.Deploy.0 = Debug|Any CPU
		{B28A1B4C-BF5A-4D64-8DE6-F6E947253AD2}.AppStore|iPhoneSimulator.ActiveCfg = Debug|Any CPU
		{B28A1B4C-BF5A-4D64-8DE6-F6E947253AD2}.AppStore|iPhoneSimulator.Build.0 = Debug|Any CPU
		{B28A1B4C-BF5A-4D64-8DE6-F6E947253AD2}.AppStore|iPhoneSimulator.Deploy.0 = Debug|Any CPU
		{B28A1B4C-BF5A-4D64-8DE6-F6E947253AD2}.AppStore|x64.ActiveCfg = Debug|Any CPU
		{B28A1B4C-BF5A-4D64-8DE6-F6E947253AD2}.AppStore|x64.Build.0 = Debug|Any CPU
		{B28A1B4C-BF5A-4D64-8DE6-F6E947253AD2}.AppStore|x64.Deploy.0 = Debug|Any CPU
		{B28A1B4C-BF5A-4D64-8DE6-F6E947253AD2}.AppStore|x86.ActiveCfg = Debug|Any CPU
		{B28A1B4C-BF5A-4D64-8DE6-F6E947253AD2}.AppStore|x86.Build.0 = Debug|Any CPU
		{B28A1B4C-BF5A-4D64-8DE6-F6E947253AD2}.AppStore|x86.Deploy.0 = Debug|Any CPU
		{B28A1B4C-BF5A-4D64-8DE6-F6E947253AD2}.Debug|Any CPU.ActiveCfg = Debug|Any CPU
		{B28A1B4C-BF5A-4D64-8DE6-F6E947253AD2}.Debug|Any CPU.Build.0 = Debug|Any CPU
		{B28A1B4C-BF5A-4D64-8DE6-F6E947253AD2}.Debug|Any CPU.Deploy.0 = Debug|Any CPU
		{B28A1B4C-BF5A-4D64-8DE6-F6E947253AD2}.Debug|ARM.ActiveCfg = Debug|Any CPU
		{B28A1B4C-BF5A-4D64-8DE6-F6E947253AD2}.Debug|ARM.Build.0 = Debug|Any CPU
		{B28A1B4C-BF5A-4D64-8DE6-F6E947253AD2}.Debug|ARM.Deploy.0 = Debug|Any CPU
		{B28A1B4C-BF5A-4D64-8DE6-F6E947253AD2}.Debug|iPhone.ActiveCfg = Debug|Any CPU
		{B28A1B4C-BF5A-4D64-8DE6-F6E947253AD2}.Debug|iPhone.Build.0 = Debug|Any CPU
		{B28A1B4C-BF5A-4D64-8DE6-F6E947253AD2}.Debug|iPhone.Deploy.0 = Debug|Any CPU
		{B28A1B4C-BF5A-4D64-8DE6-F6E947253AD2}.Debug|iPhoneSimulator.ActiveCfg = Debug|Any CPU
		{B28A1B4C-BF5A-4D64-8DE6-F6E947253AD2}.Debug|iPhoneSimulator.Build.0 = Debug|Any CPU
		{B28A1B4C-BF5A-4D64-8DE6-F6E947253AD2}.Debug|iPhoneSimulator.Deploy.0 = Debug|Any CPU
		{B28A1B4C-BF5A-4D64-8DE6-F6E947253AD2}.Debug|x64.ActiveCfg = Debug|Any CPU
		{B28A1B4C-BF5A-4D64-8DE6-F6E947253AD2}.Debug|x64.Build.0 = Debug|Any CPU
		{B28A1B4C-BF5A-4D64-8DE6-F6E947253AD2}.Debug|x64.Deploy.0 = Debug|Any CPU
		{B28A1B4C-BF5A-4D64-8DE6-F6E947253AD2}.Debug|x86.ActiveCfg = Debug|Any CPU
		{B28A1B4C-BF5A-4D64-8DE6-F6E947253AD2}.Debug|x86.Build.0 = Debug|Any CPU
		{B28A1B4C-BF5A-4D64-8DE6-F6E947253AD2}.Debug|x86.Deploy.0 = Debug|Any CPU
		{B28A1B4C-BF5A-4D64-8DE6-F6E947253AD2}.Release|Any CPU.ActiveCfg = Release|Any CPU
		{B28A1B4C-BF5A-4D64-8DE6-F6E947253AD2}.Release|Any CPU.Build.0 = Release|Any CPU
		{B28A1B4C-BF5A-4D64-8DE6-F6E947253AD2}.Release|Any CPU.Deploy.0 = Release|Any CPU
		{B28A1B4C-BF5A-4D64-8DE6-F6E947253AD2}.Release|ARM.ActiveCfg = Release|Any CPU
		{B28A1B4C-BF5A-4D64-8DE6-F6E947253AD2}.Release|ARM.Build.0 = Release|Any CPU
		{B28A1B4C-BF5A-4D64-8DE6-F6E947253AD2}.Release|ARM.Deploy.0 = Release|Any CPU
		{B28A1B4C-BF5A-4D64-8DE6-F6E947253AD2}.Release|iPhone.ActiveCfg = Release|Any CPU
		{B28A1B4C-BF5A-4D64-8DE6-F6E947253AD2}.Release|iPhone.Build.0 = Release|Any CPU
		{B28A1B4C-BF5A-4D64-8DE6-F6E947253AD2}.Release|iPhone.Deploy.0 = Release|Any CPU
		{B28A1B4C-BF5A-4D64-8DE6-F6E947253AD2}.Release|iPhoneSimulator.ActiveCfg = Release|Any CPU
		{B28A1B4C-BF5A-4D64-8DE6-F6E947253AD2}.Release|iPhoneSimulator.Build.0 = Release|Any CPU
		{B28A1B4C-BF5A-4D64-8DE6-F6E947253AD2}.Release|iPhoneSimulator.Deploy.0 = Release|Any CPU
		{B28A1B4C-BF5A-4D64-8DE6-F6E947253AD2}.Release|x64.ActiveCfg = Release|Any CPU
		{B28A1B4C-BF5A-4D64-8DE6-F6E947253AD2}.Release|x64.Build.0 = Release|Any CPU
		{B28A1B4C-BF5A-4D64-8DE6-F6E947253AD2}.Release|x64.Deploy.0 = Release|Any CPU
		{B28A1B4C-BF5A-4D64-8DE6-F6E947253AD2}.Release|x86.ActiveCfg = Release|Any CPU
		{B28A1B4C-BF5A-4D64-8DE6-F6E947253AD2}.Release|x86.Build.0 = Release|Any CPU
		{B28A1B4C-BF5A-4D64-8DE6-F6E947253AD2}.Release|x86.Deploy.0 = Release|Any CPU
		{0770AD85-9286-43C7-840B-8A4A74976003}.Ad-Hoc|Any CPU.ActiveCfg = Debug|Any CPU
		{0770AD85-9286-43C7-840B-8A4A74976003}.Ad-Hoc|Any CPU.Build.0 = Debug|Any CPU
		{0770AD85-9286-43C7-840B-8A4A74976003}.Ad-Hoc|ARM.ActiveCfg = Debug|Any CPU
		{0770AD85-9286-43C7-840B-8A4A74976003}.Ad-Hoc|ARM.Build.0 = Debug|Any CPU
		{0770AD85-9286-43C7-840B-8A4A74976003}.Ad-Hoc|iPhone.ActiveCfg = Debug|Any CPU
		{0770AD85-9286-43C7-840B-8A4A74976003}.Ad-Hoc|iPhone.Build.0 = Debug|Any CPU
		{0770AD85-9286-43C7-840B-8A4A74976003}.Ad-Hoc|iPhoneSimulator.ActiveCfg = Debug|Any CPU
		{0770AD85-9286-43C7-840B-8A4A74976003}.Ad-Hoc|iPhoneSimulator.Build.0 = Debug|Any CPU
		{0770AD85-9286-43C7-840B-8A4A74976003}.Ad-Hoc|x64.ActiveCfg = Debug|Any CPU
		{0770AD85-9286-43C7-840B-8A4A74976003}.Ad-Hoc|x64.Build.0 = Debug|Any CPU
		{0770AD85-9286-43C7-840B-8A4A74976003}.Ad-Hoc|x86.ActiveCfg = Debug|Any CPU
		{0770AD85-9286-43C7-840B-8A4A74976003}.Ad-Hoc|x86.Build.0 = Debug|Any CPU
		{0770AD85-9286-43C7-840B-8A4A74976003}.AppStore|Any CPU.ActiveCfg = Debug|Any CPU
		{0770AD85-9286-43C7-840B-8A4A74976003}.AppStore|Any CPU.Build.0 = Debug|Any CPU
		{0770AD85-9286-43C7-840B-8A4A74976003}.AppStore|ARM.ActiveCfg = Debug|Any CPU
		{0770AD85-9286-43C7-840B-8A4A74976003}.AppStore|ARM.Build.0 = Debug|Any CPU
		{0770AD85-9286-43C7-840B-8A4A74976003}.AppStore|iPhone.ActiveCfg = Debug|Any CPU
		{0770AD85-9286-43C7-840B-8A4A74976003}.AppStore|iPhone.Build.0 = Debug|Any CPU
		{0770AD85-9286-43C7-840B-8A4A74976003}.AppStore|iPhoneSimulator.ActiveCfg = Debug|Any CPU
		{0770AD85-9286-43C7-840B-8A4A74976003}.AppStore|iPhoneSimulator.Build.0 = Debug|Any CPU
		{0770AD85-9286-43C7-840B-8A4A74976003}.AppStore|x64.ActiveCfg = Debug|Any CPU
		{0770AD85-9286-43C7-840B-8A4A74976003}.AppStore|x64.Build.0 = Debug|Any CPU
		{0770AD85-9286-43C7-840B-8A4A74976003}.AppStore|x86.ActiveCfg = Debug|Any CPU
		{0770AD85-9286-43C7-840B-8A4A74976003}.AppStore|x86.Build.0 = Debug|Any CPU
		{0770AD85-9286-43C7-840B-8A4A74976003}.Debug|Any CPU.ActiveCfg = Debug|Any CPU
		{0770AD85-9286-43C7-840B-8A4A74976003}.Debug|Any CPU.Build.0 = Debug|Any CPU
		{0770AD85-9286-43C7-840B-8A4A74976003}.Debug|ARM.ActiveCfg = Debug|Any CPU
		{0770AD85-9286-43C7-840B-8A4A74976003}.Debug|ARM.Build.0 = Debug|Any CPU
		{0770AD85-9286-43C7-840B-8A4A74976003}.Debug|iPhone.ActiveCfg = Debug|Any CPU
		{0770AD85-9286-43C7-840B-8A4A74976003}.Debug|iPhone.Build.0 = Debug|Any CPU
		{0770AD85-9286-43C7-840B-8A4A74976003}.Debug|iPhoneSimulator.ActiveCfg = Debug|Any CPU
		{0770AD85-9286-43C7-840B-8A4A74976003}.Debug|iPhoneSimulator.Build.0 = Debug|Any CPU
		{0770AD85-9286-43C7-840B-8A4A74976003}.Debug|x64.ActiveCfg = Debug|Any CPU
		{0770AD85-9286-43C7-840B-8A4A74976003}.Debug|x64.Build.0 = Debug|Any CPU
		{0770AD85-9286-43C7-840B-8A4A74976003}.Debug|x86.ActiveCfg = Debug|Any CPU
		{0770AD85-9286-43C7-840B-8A4A74976003}.Debug|x86.Build.0 = Debug|Any CPU
		{0770AD85-9286-43C7-840B-8A4A74976003}.Release|Any CPU.ActiveCfg = Release|Any CPU
		{0770AD85-9286-43C7-840B-8A4A74976003}.Release|Any CPU.Build.0 = Release|Any CPU
		{0770AD85-9286-43C7-840B-8A4A74976003}.Release|ARM.ActiveCfg = Release|Any CPU
		{0770AD85-9286-43C7-840B-8A4A74976003}.Release|ARM.Build.0 = Release|Any CPU
		{0770AD85-9286-43C7-840B-8A4A74976003}.Release|iPhone.ActiveCfg = Release|Any CPU
		{0770AD85-9286-43C7-840B-8A4A74976003}.Release|iPhone.Build.0 = Release|Any CPU
		{0770AD85-9286-43C7-840B-8A4A74976003}.Release|iPhoneSimulator.ActiveCfg = Release|Any CPU
		{0770AD85-9286-43C7-840B-8A4A74976003}.Release|iPhoneSimulator.Build.0 = Release|Any CPU
		{0770AD85-9286-43C7-840B-8A4A74976003}.Release|x64.ActiveCfg = Release|Any CPU
		{0770AD85-9286-43C7-840B-8A4A74976003}.Release|x64.Build.0 = Release|Any CPU
		{0770AD85-9286-43C7-840B-8A4A74976003}.Release|x86.ActiveCfg = Release|Any CPU
		{0770AD85-9286-43C7-840B-8A4A74976003}.Release|x86.Build.0 = Release|Any CPU
		{6C0D58F6-6E36-40B2-B6E1-F33F5660309D}.Ad-Hoc|Any CPU.ActiveCfg = Debug|Any CPU
		{6C0D58F6-6E36-40B2-B6E1-F33F5660309D}.Ad-Hoc|Any CPU.Build.0 = Debug|Any CPU
		{6C0D58F6-6E36-40B2-B6E1-F33F5660309D}.Ad-Hoc|ARM.ActiveCfg = Debug|Any CPU
		{6C0D58F6-6E36-40B2-B6E1-F33F5660309D}.Ad-Hoc|ARM.Build.0 = Debug|Any CPU
		{6C0D58F6-6E36-40B2-B6E1-F33F5660309D}.Ad-Hoc|iPhone.ActiveCfg = Debug|Any CPU
		{6C0D58F6-6E36-40B2-B6E1-F33F5660309D}.Ad-Hoc|iPhone.Build.0 = Debug|Any CPU
		{6C0D58F6-6E36-40B2-B6E1-F33F5660309D}.Ad-Hoc|iPhoneSimulator.ActiveCfg = Debug|Any CPU
		{6C0D58F6-6E36-40B2-B6E1-F33F5660309D}.Ad-Hoc|iPhoneSimulator.Build.0 = Debug|Any CPU
		{6C0D58F6-6E36-40B2-B6E1-F33F5660309D}.Ad-Hoc|x64.ActiveCfg = Debug|Any CPU
		{6C0D58F6-6E36-40B2-B6E1-F33F5660309D}.Ad-Hoc|x64.Build.0 = Debug|Any CPU
		{6C0D58F6-6E36-40B2-B6E1-F33F5660309D}.Ad-Hoc|x86.ActiveCfg = Debug|Any CPU
		{6C0D58F6-6E36-40B2-B6E1-F33F5660309D}.Ad-Hoc|x86.Build.0 = Debug|Any CPU
		{6C0D58F6-6E36-40B2-B6E1-F33F5660309D}.AppStore|Any CPU.ActiveCfg = Debug|Any CPU
		{6C0D58F6-6E36-40B2-B6E1-F33F5660309D}.AppStore|Any CPU.Build.0 = Debug|Any CPU
		{6C0D58F6-6E36-40B2-B6E1-F33F5660309D}.AppStore|ARM.ActiveCfg = Debug|Any CPU
		{6C0D58F6-6E36-40B2-B6E1-F33F5660309D}.AppStore|ARM.Build.0 = Debug|Any CPU
		{6C0D58F6-6E36-40B2-B6E1-F33F5660309D}.AppStore|iPhone.ActiveCfg = Debug|Any CPU
		{6C0D58F6-6E36-40B2-B6E1-F33F5660309D}.AppStore|iPhone.Build.0 = Debug|Any CPU
		{6C0D58F6-6E36-40B2-B6E1-F33F5660309D}.AppStore|iPhoneSimulator.ActiveCfg = Debug|Any CPU
		{6C0D58F6-6E36-40B2-B6E1-F33F5660309D}.AppStore|iPhoneSimulator.Build.0 = Debug|Any CPU
		{6C0D58F6-6E36-40B2-B6E1-F33F5660309D}.AppStore|x64.ActiveCfg = Debug|Any CPU
		{6C0D58F6-6E36-40B2-B6E1-F33F5660309D}.AppStore|x64.Build.0 = Debug|Any CPU
		{6C0D58F6-6E36-40B2-B6E1-F33F5660309D}.AppStore|x86.ActiveCfg = Debug|Any CPU
		{6C0D58F6-6E36-40B2-B6E1-F33F5660309D}.AppStore|x86.Build.0 = Debug|Any CPU
		{6C0D58F6-6E36-40B2-B6E1-F33F5660309D}.Debug|Any CPU.ActiveCfg = Debug|Any CPU
		{6C0D58F6-6E36-40B2-B6E1-F33F5660309D}.Debug|Any CPU.Build.0 = Debug|Any CPU
		{6C0D58F6-6E36-40B2-B6E1-F33F5660309D}.Debug|ARM.ActiveCfg = Debug|Any CPU
		{6C0D58F6-6E36-40B2-B6E1-F33F5660309D}.Debug|ARM.Build.0 = Debug|Any CPU
		{6C0D58F6-6E36-40B2-B6E1-F33F5660309D}.Debug|iPhone.ActiveCfg = Debug|Any CPU
		{6C0D58F6-6E36-40B2-B6E1-F33F5660309D}.Debug|iPhone.Build.0 = Debug|Any CPU
		{6C0D58F6-6E36-40B2-B6E1-F33F5660309D}.Debug|iPhoneSimulator.ActiveCfg = Debug|Any CPU
		{6C0D58F6-6E36-40B2-B6E1-F33F5660309D}.Debug|iPhoneSimulator.Build.0 = Debug|Any CPU
		{6C0D58F6-6E36-40B2-B6E1-F33F5660309D}.Debug|x64.ActiveCfg = Debug|Any CPU
		{6C0D58F6-6E36-40B2-B6E1-F33F5660309D}.Debug|x64.Build.0 = Debug|Any CPU
		{6C0D58F6-6E36-40B2-B6E1-F33F5660309D}.Debug|x86.ActiveCfg = Debug|Any CPU
		{6C0D58F6-6E36-40B2-B6E1-F33F5660309D}.Debug|x86.Build.0 = Debug|Any CPU
		{6C0D58F6-6E36-40B2-B6E1-F33F5660309D}.Release|Any CPU.ActiveCfg = Release|Any CPU
		{6C0D58F6-6E36-40B2-B6E1-F33F5660309D}.Release|Any CPU.Build.0 = Release|Any CPU
		{6C0D58F6-6E36-40B2-B6E1-F33F5660309D}.Release|ARM.ActiveCfg = Release|Any CPU
		{6C0D58F6-6E36-40B2-B6E1-F33F5660309D}.Release|ARM.Build.0 = Release|Any CPU
		{6C0D58F6-6E36-40B2-B6E1-F33F5660309D}.Release|iPhone.ActiveCfg = Release|Any CPU
		{6C0D58F6-6E36-40B2-B6E1-F33F5660309D}.Release|iPhone.Build.0 = Release|Any CPU
		{6C0D58F6-6E36-40B2-B6E1-F33F5660309D}.Release|iPhoneSimulator.ActiveCfg = Release|Any CPU
		{6C0D58F6-6E36-40B2-B6E1-F33F5660309D}.Release|iPhoneSimulator.Build.0 = Release|Any CPU
		{6C0D58F6-6E36-40B2-B6E1-F33F5660309D}.Release|x64.ActiveCfg = Release|Any CPU
		{6C0D58F6-6E36-40B2-B6E1-F33F5660309D}.Release|x64.Build.0 = Release|Any CPU
		{6C0D58F6-6E36-40B2-B6E1-F33F5660309D}.Release|x86.ActiveCfg = Release|Any CPU
		{6C0D58F6-6E36-40B2-B6E1-F33F5660309D}.Release|x86.Build.0 = Release|Any CPU
		{14C7C336-B076-4CC7-A888-3F9C2237CF09}.Ad-Hoc|Any CPU.ActiveCfg = Debug|Any CPU
		{14C7C336-B076-4CC7-A888-3F9C2237CF09}.Ad-Hoc|Any CPU.Build.0 = Debug|Any CPU
		{14C7C336-B076-4CC7-A888-3F9C2237CF09}.Ad-Hoc|ARM.ActiveCfg = Debug|Any CPU
		{14C7C336-B076-4CC7-A888-3F9C2237CF09}.Ad-Hoc|ARM.Build.0 = Debug|Any CPU
		{14C7C336-B076-4CC7-A888-3F9C2237CF09}.Ad-Hoc|iPhone.ActiveCfg = Debug|Any CPU
		{14C7C336-B076-4CC7-A888-3F9C2237CF09}.Ad-Hoc|iPhone.Build.0 = Debug|Any CPU
		{14C7C336-B076-4CC7-A888-3F9C2237CF09}.Ad-Hoc|iPhoneSimulator.ActiveCfg = Debug|Any CPU
		{14C7C336-B076-4CC7-A888-3F9C2237CF09}.Ad-Hoc|iPhoneSimulator.Build.0 = Debug|Any CPU
		{14C7C336-B076-4CC7-A888-3F9C2237CF09}.Ad-Hoc|x64.ActiveCfg = Debug|Any CPU
		{14C7C336-B076-4CC7-A888-3F9C2237CF09}.Ad-Hoc|x64.Build.0 = Debug|Any CPU
		{14C7C336-B076-4CC7-A888-3F9C2237CF09}.Ad-Hoc|x86.ActiveCfg = Debug|Any CPU
		{14C7C336-B076-4CC7-A888-3F9C2237CF09}.Ad-Hoc|x86.Build.0 = Debug|Any CPU
		{14C7C336-B076-4CC7-A888-3F9C2237CF09}.AppStore|Any CPU.ActiveCfg = Debug|Any CPU
		{14C7C336-B076-4CC7-A888-3F9C2237CF09}.AppStore|Any CPU.Build.0 = Debug|Any CPU
		{14C7C336-B076-4CC7-A888-3F9C2237CF09}.AppStore|ARM.ActiveCfg = Debug|Any CPU
		{14C7C336-B076-4CC7-A888-3F9C2237CF09}.AppStore|ARM.Build.0 = Debug|Any CPU
		{14C7C336-B076-4CC7-A888-3F9C2237CF09}.AppStore|iPhone.ActiveCfg = Debug|Any CPU
		{14C7C336-B076-4CC7-A888-3F9C2237CF09}.AppStore|iPhone.Build.0 = Debug|Any CPU
		{14C7C336-B076-4CC7-A888-3F9C2237CF09}.AppStore|iPhoneSimulator.ActiveCfg = Debug|Any CPU
		{14C7C336-B076-4CC7-A888-3F9C2237CF09}.AppStore|iPhoneSimulator.Build.0 = Debug|Any CPU
		{14C7C336-B076-4CC7-A888-3F9C2237CF09}.AppStore|x64.ActiveCfg = Debug|Any CPU
		{14C7C336-B076-4CC7-A888-3F9C2237CF09}.AppStore|x64.Build.0 = Debug|Any CPU
		{14C7C336-B076-4CC7-A888-3F9C2237CF09}.AppStore|x86.ActiveCfg = Debug|Any CPU
		{14C7C336-B076-4CC7-A888-3F9C2237CF09}.AppStore|x86.Build.0 = Debug|Any CPU
		{14C7C336-B076-4CC7-A888-3F9C2237CF09}.Debug|Any CPU.ActiveCfg = Debug|Any CPU
		{14C7C336-B076-4CC7-A888-3F9C2237CF09}.Debug|Any CPU.Build.0 = Debug|Any CPU
		{14C7C336-B076-4CC7-A888-3F9C2237CF09}.Debug|ARM.ActiveCfg = Debug|Any CPU
		{14C7C336-B076-4CC7-A888-3F9C2237CF09}.Debug|ARM.Build.0 = Debug|Any CPU
		{14C7C336-B076-4CC7-A888-3F9C2237CF09}.Debug|iPhone.ActiveCfg = Debug|Any CPU
		{14C7C336-B076-4CC7-A888-3F9C2237CF09}.Debug|iPhone.Build.0 = Debug|Any CPU
		{14C7C336-B076-4CC7-A888-3F9C2237CF09}.Debug|iPhoneSimulator.ActiveCfg = Debug|Any CPU
		{14C7C336-B076-4CC7-A888-3F9C2237CF09}.Debug|iPhoneSimulator.Build.0 = Debug|Any CPU
		{14C7C336-B076-4CC7-A888-3F9C2237CF09}.Debug|x64.ActiveCfg = Debug|Any CPU
		{14C7C336-B076-4CC7-A888-3F9C2237CF09}.Debug|x64.Build.0 = Debug|Any CPU
		{14C7C336-B076-4CC7-A888-3F9C2237CF09}.Debug|x86.ActiveCfg = Debug|Any CPU
		{14C7C336-B076-4CC7-A888-3F9C2237CF09}.Debug|x86.Build.0 = Debug|Any CPU
		{14C7C336-B076-4CC7-A888-3F9C2237CF09}.Release|Any CPU.ActiveCfg = Release|Any CPU
		{14C7C336-B076-4CC7-A888-3F9C2237CF09}.Release|Any CPU.Build.0 = Release|Any CPU
		{14C7C336-B076-4CC7-A888-3F9C2237CF09}.Release|ARM.ActiveCfg = Release|Any CPU
		{14C7C336-B076-4CC7-A888-3F9C2237CF09}.Release|ARM.Build.0 = Release|Any CPU
		{14C7C336-B076-4CC7-A888-3F9C2237CF09}.Release|iPhone.ActiveCfg = Release|Any CPU
		{14C7C336-B076-4CC7-A888-3F9C2237CF09}.Release|iPhone.Build.0 = Release|Any CPU
		{14C7C336-B076-4CC7-A888-3F9C2237CF09}.Release|iPhoneSimulator.ActiveCfg = Release|Any CPU
		{14C7C336-B076-4CC7-A888-3F9C2237CF09}.Release|iPhoneSimulator.Build.0 = Release|Any CPU
		{14C7C336-B076-4CC7-A888-3F9C2237CF09}.Release|x64.ActiveCfg = Release|Any CPU
		{14C7C336-B076-4CC7-A888-3F9C2237CF09}.Release|x64.Build.0 = Release|Any CPU
		{14C7C336-B076-4CC7-A888-3F9C2237CF09}.Release|x86.ActiveCfg = Release|Any CPU
		{14C7C336-B076-4CC7-A888-3F9C2237CF09}.Release|x86.Build.0 = Release|Any CPU
		{E24091BB-A4F4-4463-AC9C-72C5DDC28BD2}.Ad-Hoc|Any CPU.ActiveCfg = Debug|Any CPU
		{E24091BB-A4F4-4463-AC9C-72C5DDC28BD2}.Ad-Hoc|Any CPU.Build.0 = Debug|Any CPU
		{E24091BB-A4F4-4463-AC9C-72C5DDC28BD2}.Ad-Hoc|ARM.ActiveCfg = Debug|Any CPU
		{E24091BB-A4F4-4463-AC9C-72C5DDC28BD2}.Ad-Hoc|ARM.Build.0 = Debug|Any CPU
		{E24091BB-A4F4-4463-AC9C-72C5DDC28BD2}.Ad-Hoc|iPhone.ActiveCfg = Debug|Any CPU
		{E24091BB-A4F4-4463-AC9C-72C5DDC28BD2}.Ad-Hoc|iPhone.Build.0 = Debug|Any CPU
		{E24091BB-A4F4-4463-AC9C-72C5DDC28BD2}.Ad-Hoc|iPhoneSimulator.ActiveCfg = Debug|Any CPU
		{E24091BB-A4F4-4463-AC9C-72C5DDC28BD2}.Ad-Hoc|iPhoneSimulator.Build.0 = Debug|Any CPU
		{E24091BB-A4F4-4463-AC9C-72C5DDC28BD2}.Ad-Hoc|x64.ActiveCfg = Debug|Any CPU
		{E24091BB-A4F4-4463-AC9C-72C5DDC28BD2}.Ad-Hoc|x64.Build.0 = Debug|Any CPU
		{E24091BB-A4F4-4463-AC9C-72C5DDC28BD2}.Ad-Hoc|x86.ActiveCfg = Debug|Any CPU
		{E24091BB-A4F4-4463-AC9C-72C5DDC28BD2}.Ad-Hoc|x86.Build.0 = Debug|Any CPU
		{E24091BB-A4F4-4463-AC9C-72C5DDC28BD2}.AppStore|Any CPU.ActiveCfg = Debug|Any CPU
		{E24091BB-A4F4-4463-AC9C-72C5DDC28BD2}.AppStore|Any CPU.Build.0 = Debug|Any CPU
		{E24091BB-A4F4-4463-AC9C-72C5DDC28BD2}.AppStore|ARM.ActiveCfg = Debug|Any CPU
		{E24091BB-A4F4-4463-AC9C-72C5DDC28BD2}.AppStore|ARM.Build.0 = Debug|Any CPU
		{E24091BB-A4F4-4463-AC9C-72C5DDC28BD2}.AppStore|iPhone.ActiveCfg = Debug|Any CPU
		{E24091BB-A4F4-4463-AC9C-72C5DDC28BD2}.AppStore|iPhone.Build.0 = Debug|Any CPU
		{E24091BB-A4F4-4463-AC9C-72C5DDC28BD2}.AppStore|iPhoneSimulator.ActiveCfg = Debug|Any CPU
		{E24091BB-A4F4-4463-AC9C-72C5DDC28BD2}.AppStore|iPhoneSimulator.Build.0 = Debug|Any CPU
		{E24091BB-A4F4-4463-AC9C-72C5DDC28BD2}.AppStore|x64.ActiveCfg = Debug|Any CPU
		{E24091BB-A4F4-4463-AC9C-72C5DDC28BD2}.AppStore|x64.Build.0 = Debug|Any CPU
		{E24091BB-A4F4-4463-AC9C-72C5DDC28BD2}.AppStore|x86.ActiveCfg = Debug|Any CPU
		{E24091BB-A4F4-4463-AC9C-72C5DDC28BD2}.AppStore|x86.Build.0 = Debug|Any CPU
		{E24091BB-A4F4-4463-AC9C-72C5DDC28BD2}.Debug|Any CPU.ActiveCfg = Debug|Any CPU
		{E24091BB-A4F4-4463-AC9C-72C5DDC28BD2}.Debug|Any CPU.Build.0 = Debug|Any CPU
		{E24091BB-A4F4-4463-AC9C-72C5DDC28BD2}.Debug|ARM.ActiveCfg = Debug|Any CPU
		{E24091BB-A4F4-4463-AC9C-72C5DDC28BD2}.Debug|ARM.Build.0 = Debug|Any CPU
		{E24091BB-A4F4-4463-AC9C-72C5DDC28BD2}.Debug|iPhone.ActiveCfg = Debug|Any CPU
		{E24091BB-A4F4-4463-AC9C-72C5DDC28BD2}.Debug|iPhone.Build.0 = Debug|Any CPU
		{E24091BB-A4F4-4463-AC9C-72C5DDC28BD2}.Debug|iPhoneSimulator.ActiveCfg = Debug|Any CPU
		{E24091BB-A4F4-4463-AC9C-72C5DDC28BD2}.Debug|iPhoneSimulator.Build.0 = Debug|Any CPU
		{E24091BB-A4F4-4463-AC9C-72C5DDC28BD2}.Debug|x64.ActiveCfg = Debug|Any CPU
		{E24091BB-A4F4-4463-AC9C-72C5DDC28BD2}.Debug|x64.Build.0 = Debug|Any CPU
		{E24091BB-A4F4-4463-AC9C-72C5DDC28BD2}.Debug|x86.ActiveCfg = Debug|Any CPU
		{E24091BB-A4F4-4463-AC9C-72C5DDC28BD2}.Debug|x86.Build.0 = Debug|Any CPU
		{E24091BB-A4F4-4463-AC9C-72C5DDC28BD2}.Release|Any CPU.ActiveCfg = Release|Any CPU
		{E24091BB-A4F4-4463-AC9C-72C5DDC28BD2}.Release|Any CPU.Build.0 = Release|Any CPU
		{E24091BB-A4F4-4463-AC9C-72C5DDC28BD2}.Release|ARM.ActiveCfg = Release|Any CPU
		{E24091BB-A4F4-4463-AC9C-72C5DDC28BD2}.Release|ARM.Build.0 = Release|Any CPU
		{E24091BB-A4F4-4463-AC9C-72C5DDC28BD2}.Release|iPhone.ActiveCfg = Release|Any CPU
		{E24091BB-A4F4-4463-AC9C-72C5DDC28BD2}.Release|iPhone.Build.0 = Release|Any CPU
		{E24091BB-A4F4-4463-AC9C-72C5DDC28BD2}.Release|iPhoneSimulator.ActiveCfg = Release|Any CPU
		{E24091BB-A4F4-4463-AC9C-72C5DDC28BD2}.Release|iPhoneSimulator.Build.0 = Release|Any CPU
		{E24091BB-A4F4-4463-AC9C-72C5DDC28BD2}.Release|x64.ActiveCfg = Release|Any CPU
		{E24091BB-A4F4-4463-AC9C-72C5DDC28BD2}.Release|x64.Build.0 = Release|Any CPU
		{E24091BB-A4F4-4463-AC9C-72C5DDC28BD2}.Release|x86.ActiveCfg = Release|Any CPU
		{E24091BB-A4F4-4463-AC9C-72C5DDC28BD2}.Release|x86.Build.0 = Release|Any CPU
	EndGlobalSection
	GlobalSection(SolutionProperties) = preSolution
		HideSolutionNode = FALSE
	EndGlobalSection
	GlobalSection(NestedProjects) = preSolution
		{F8CA9C61-7B05-4506-917D-EC264C8DC10A} = {F7CF4659-7FC3-40E9-931E-F1F3D5EF26FA}
		{330221C0-82BF-4F6E-8F78-787DCAB23C4D} = {F7CF4659-7FC3-40E9-931E-F1F3D5EF26FA}
		{3BDB6740-D859-4980-A761-BF86064A70F2} = {F7CF4659-7FC3-40E9-931E-F1F3D5EF26FA}
		{B28A1B4C-BF5A-4D64-8DE6-F6E947253AD2} = {FBAC536D-0C99-458A-B5F8-F9D720179F2E}
		{0770AD85-9286-43C7-840B-8A4A74976003} = {5CC4B336-7B46-4B25-9F1A-55F08D085136}
		{6C0D58F6-6E36-40B2-B6E1-F33F5660309D} = {5CC4B336-7B46-4B25-9F1A-55F08D085136}
		{14C7C336-B076-4CC7-A888-3F9C2237CF09} = {5CC4B336-7B46-4B25-9F1A-55F08D085136}
		{E24091BB-A4F4-4463-AC9C-72C5DDC28BD2} = {5CC4B336-7B46-4B25-9F1A-55F08D085136}
	EndGlobalSection
	GlobalSection(ExtensibilityGlobals) = postSolution
		SolutionGuid = {0FD688DF-D206-44AA-BACB-D73DA7A4B8E8}
	EndGlobalSection
EndGlobal
